
Microsoft Visual Studio Solution File, Format Version 12.00
# Visual Studio Version 17
VisualStudioVersion = 17.6.33815.320
MinimumVisualStudioVersion = 10.0.40219.1
Project("{FAE04EC0-301F-11D3-BF4B-00C04F79EFBC}") = "API", "API\API.csproj", "{41534CCC-353F-49F5-933D-96381B050F12}"
EndProject
Project("{FAE04EC0-301F-11D3-BF4B-00C04F79EFBC}") = "WEB", "WEB\WEB.csproj", "{AFA56BC3-B177-40EE-87E0-DBA8ABF3FEEA}"
EndProject
Global
	GlobalSection(SolutionConfigurationPlatforms) = preSolution
		Debug|Any CPU = Debug|Any CPU
		Release|Any CPU = Release|Any CPU
	EndGlobalSection
	GlobalSection(ProjectConfigurationPlatforms) = postSolution
		{41534CCC-353F-49F5-933D-96381B050F12}.Debug|Any CPU.ActiveCfg = Debug|Any CPU
		{41534CCC-353F-49F5-933D-96381B050F12}.Debug|Any CPU.Build.0 = Debug|Any CPU
		{41534CCC-353F-49F5-933D-96381B050F12}.Release|Any CPU.ActiveCfg = Release|Any CPU
		{41534CCC-353F-49F5-933D-96381B050F12}.Release|Any CPU.Build.0 = Release|Any CPU
		{AFA56BC3-B177-40EE-87E0-DBA8ABF3FEEA}.Debug|Any CPU.ActiveCfg = Debug|Any CPU
		{AFA56BC3-B177-40EE-87E0-DBA8ABF3FEEA}.Debug|Any CPU.Build.0 = Debug|Any CPU
		{AFA56BC3-B177-40EE-87E0-DBA8ABF3FEEA}.Release|Any CPU.ActiveCfg = Release|Any CPU
		{AFA56BC3-B177-40EE-87E0-DBA8ABF3FEEA}.Release|Any CPU.Build.0 = Release|Any CPU
	EndGlobalSection
	GlobalSection(SolutionProperties) = preSolution
		HideSolutionNode = FALSE
	EndGlobalSection
	GlobalSection(ExtensibilityGlobals) = postSolution
		SolutionGuid = {96D8CA50-3800-42FA-AF0D-FFFE912BD355}
	EndGlobalSection
EndGlobal
